<?xml version="1.0" encoding="utf-8"?>
<Project ToolsVersion="4.0" xmlns="http://schemas.microsoft.com/developer/msbuild/2003">
  <ItemGroup>
    <Filter Include="Framework">
      <UniqueIdentifier>{87ca41ba-c2e1-4459-a239-ef390f218667}</UniqueIdentifier>
    </Filter>
    <Filter Include="Framework\Utility">
      <UniqueIdentifier>{7073a03b-b4de-40a2-a6b1-dcc7c4be1963}</UniqueIdentifier>
    </Filter>
    <Filter Include="Framework\Utility\pch">
      <UniqueIdentifier>{a152b39f-8c0b-4d59-be64-fff38785f1a1}</UniqueIdentifier>
    </Filter>
    <Filter Include="Framework\Math">
      <UniqueIdentifier>{b6426f0b-b5be-463e-a51b-792e16f44c25}</UniqueIdentifier>
    </Filter>
    <Filter Include="Framework\World">
      <UniqueIdentifier>{1c3620d2-289c-4468-87a8-2e9739637d13}</UniqueIdentifier>
    </Filter>
    <Filter Include="Framework\System">
      <UniqueIdentifier>{8dc24309-2c7c-4c96-99e0-8ccde689d63a}</UniqueIdentifier>
    </Filter>
    <Filter Include="Framework\Utility\Singleton">
      <UniqueIdentifier>{39138449-2523-4537-986a-b0bea884a58a}</UniqueIdentifier>
    </Filter>
    <Filter Include="Game">
      <UniqueIdentifier>{54a5fdae-6332-42f2-aadf-b3b11f0c9661}</UniqueIdentifier>
    </Filter>
    <Filter Include="Framework\GDIHelper">
      <UniqueIdentifier>{74863b51-c2ea-4644-8e66-18870dc89ded}</UniqueIdentifier>
    </Filter>
    <Filter Include="Framework\GDIHelper\Renderer">
      <UniqueIdentifier>{62f5c6ff-c38e-4889-afab-b85f3ea912f1}</UniqueIdentifier>
    </Filter>
    <Filter Include="Framework\GDIHelper\Shape">
      <UniqueIdentifier>{c82390a1-0ec4-44f6-9158-3c7cc565f1a1}</UniqueIdentifier>
    </Filter>
  </ItemGroup>
  <ItemGroup>
    <ClInclude Include="pch.h">
      <Filter>Framework\Utility\pch</Filter>
    </ClInclude>
    <ClInclude Include="Define.h">
      <Filter>Framework</Filter>
    </ClInclude>
    <ClInclude Include="Singleton.h">
      <Filter>Framework\Utility\Singleton</Filter>
    </ClInclude>
    <ClInclude Include="System.h">
      <Filter>Framework\System</Filter>
    </ClInclude>
    <ClInclude Include="World.h">
      <Filter>Framework\World</Filter>
    </ClInclude>
    <ClInclude Include="Math.h">
      <Filter>Framework\Math</Filter>
    </ClInclude>
    <ClInclude Include="Vector.h">
      <Filter>Framework\Math</Filter>
    </ClInclude>
    <ClInclude Include="GDIHelper.h">
      <Filter>Framework\GDIHelper</Filter>
    </ClInclude>
    <ClInclude Include="Renderer.h">
      <Filter>Framework\GDIHelper\Renderer</Filter>
    </ClInclude>
    <ClInclude Include="Shape.h" />
  </ItemGroup>
  <ItemGroup>
    <ClCompile Include="pch.cpp">
      <Filter>Framework\Utility\pch</Filter>
    </ClCompile>
    <ClCompile Include="System.cpp">
      <Filter>Framework\System</Filter>
    </ClCompile>
    <ClCompile Include="World.cpp">
      <Filter>Framework\World</Filter>
    </ClCompile>
    <ClCompile Include="main.cpp">
      <Filter>Framework</Filter>
    </ClCompile>
    <ClCompile Include="GDIHelper.cpp">
      <Filter>Framework\GDIHelper</Filter>
    </ClCompile>
    <ClCompile Include="Renderer.cpp">
      <Filter>Framework\GDIHelper\Renderer</Filter>
    </ClCompile>
    <ClCompile Include="Vector.cpp">
      <Filter>Framework\Math</Filter>
    </ClCompile>
    <ClCompile Include="Shape.cpp" />
  </ItemGroup>
</Project>