<?xml version="1.0" encoding="utf-8"?>
<Project ToolsVersion="4.0" xmlns="http://schemas.microsoft.com/developer/msbuild/2003">
  <ItemGroup>
    <Filter Include="Framework">
      <UniqueIdentifier>{87ca41ba-c2e1-4459-a239-ef390f218667}</UniqueIdentifier>
    </Filter>
    <Filter Include="Framework\Utility">
      <UniqueIdentifier>{7073a03b-b4de-40a2-a6b1-dcc7c4be1963}</UniqueIdentifier>
    </Filter>
    <Filter Include="Framework\Utility\pch">
      <UniqueIdentifier>{a152b39f-8c0b-4d59-be64-fff38785f1a1}</UniqueIdentifier>
    </Filter>
    <Filter Include="Framework\Math">
      <UniqueIdentifier>{b6426f0b-b5be-463e-a51b-792e16f44c25}</UniqueIdentifier>
    </Filter>
    <Filter Include="Framework\World">
      <UniqueIdentifier>{1c3620d2-289c-4468-87a8-2e9739637d13}</UniqueIdentifier>
    </Filter>
    <Filter Include="Framework\System">
      <UniqueIdentifier>{8dc24309-2c7c-4c96-99e0-8ccde689d63a}</UniqueIdentifier>
    </Filter>
    <Filter Include="Framework\Utility\Singleton">
      <UniqueIdentifier>{39138449-2523-4537-986a-b0bea884a58a}</UniqueIdentifier>
    </Filter>
    <Filter Include="Game">
      <UniqueIdentifier>{54a5fdae-6332-42f2-aadf-b3b11f0c9661}</UniqueIdentifier>
    </Filter>
    <Filter Include="Framework\GDIHelper">
      <UniqueIdentifier>{74863b51-c2ea-4644-8e66-18870dc89ded}</UniqueIdentifier>
    </Filter>
    <Filter Include="Framework\GDIHelper\Renderer">
      <UniqueIdentifier>{62f5c6ff-c38e-4889-afab-b85f3ea912f1}</UniqueIdentifier>
    </Filter>
    <Filter Include="Framework\GDIHelper\Shape">
      <UniqueIdentifier>{c82390a1-0ec4-44f6-9158-3c7cc565f1a1}</UniqueIdentifier>
    </Filter>
    <Filter Include="Framework\Asset">
      <UniqueIdentifier>{8f6ff928-6b4f-4330-857e-f29b71078324}</UniqueIdentifier>
    </Filter>
    <Filter Include="Framework\Entity">
      <UniqueIdentifier>{89df4f7f-4c00-4e3c-8586-b7a4ccca1ea3}</UniqueIdentifier>
    </Filter>
    <Filter Include="Framework\Scene">
      <UniqueIdentifier>{897deddf-1d6c-43c0-bf8b-41db63a45b38}</UniqueIdentifier>
    </Filter>
    <Filter Include="Framework\Camera">
      <UniqueIdentifier>{db15006b-2106-46b8-a345-7b156654d6d7}</UniqueIdentifier>
    </Filter>
    <Filter Include="Framework\Sprite">
      <UniqueIdentifier>{0ee5e8d4-6401-40f0-a38c-90d8c9d70d33}</UniqueIdentifier>
    </Filter>
    <Filter Include="Framework\Texture">
      <UniqueIdentifier>{ac247e8e-9db2-4890-af84-63a4ce4c312c}</UniqueIdentifier>
    </Filter>
  </ItemGroup>
  <ItemGroup>
    <ClInclude Include="pch.h">
      <Filter>Framework\Utility\pch</Filter>
    </ClInclude>
    <ClInclude Include="Define.h">
      <Filter>Framework</Filter>
    </ClInclude>
    <ClInclude Include="Singleton.h">
      <Filter>Framework\Utility\Singleton</Filter>
    </ClInclude>
    <ClInclude Include="System.h">
      <Filter>Framework\System</Filter>
    </ClInclude>
    <ClInclude Include="World.h">
      <Filter>Framework\World</Filter>
    </ClInclude>
    <ClInclude Include="Math.h">
      <Filter>Framework\Math</Filter>
    </ClInclude>
    <ClInclude Include="Vector.h">
      <Filter>Framework\Math</Filter>
    </ClInclude>
    <ClInclude Include="GDIHelper.h">
      <Filter>Framework\GDIHelper</Filter>
    </ClInclude>
    <ClInclude Include="Renderer.h">
      <Filter>Framework\GDIHelper\Renderer</Filter>
    </ClInclude>
    <ClInclude Include="Asset.h">
      <Filter>Framework\Asset</Filter>
    </ClInclude>
    <ClInclude Include="Shape.h">
      <Filter>Framework\GDIHelper\Shape</Filter>
    </ClInclude>
    <ClInclude Include="Matrix.h">
      <Filter>Framework\Math</Filter>
    </ClInclude>
    <ClInclude Include="Entity.h">
      <Filter>Framework\Entity</Filter>
    </ClInclude>
    <ClInclude Include="Scene.h">
      <Filter>Framework\Scene</Filter>
    </ClInclude>
    <ClInclude Include="Camera.h">
      <Filter>Framework\Camera</Filter>
    </ClInclude>
    <ClInclude Include="TestScene.h">
      <Filter>Game</Filter>
    </ClInclude>
    <ClInclude Include="Sprite.h">
      <Filter>Framework\Sprite</Filter>
    </ClInclude>
    <ClInclude Include="Texture.h">
      <Filter>Framework\Texture</Filter>
    </ClInclude>
  </ItemGroup>
  <ItemGroup>
    <ClCompile Include="pch.cpp">
      <Filter>Framework\Utility\pch</Filter>
    </ClCompile>
    <ClCompile Include="System.cpp">
      <Filter>Framework\System</Filter>
    </ClCompile>
    <ClCompile Include="World.cpp">
      <Filter>Framework\World</Filter>
    </ClCompile>
    <ClCompile Include="main.cpp">
      <Filter>Framework</Filter>
    </ClCompile>
    <ClCompile Include="GDIHelper.cpp">
      <Filter>Framework\GDIHelper</Filter>
    </ClCompile>
    <ClCompile Include="Renderer.cpp">
      <Filter>Framework\GDIHelper\Renderer</Filter>
    </ClCompile>
    <ClCompile Include="Vector.cpp">
      <Filter>Framework\Math</Filter>
    </ClCompile>
    <ClCompile Include="Asset.cpp">
      <Filter>Framework\Asset</Filter>
    </ClCompile>
    <ClCompile Include="Shape.cpp">
      <Filter>Framework\GDIHelper\Shape</Filter>
    </ClCompile>
    <ClCompile Include="Matrix.cpp">
      <Filter>Framework\Math</Filter>
    </ClCompile>
    <ClCompile Include="Entity.cpp">
      <Filter>Framework\Entity</Filter>
    </ClCompile>
    <ClCompile Include="Scene.cpp">
      <Filter>Framework\Scene</Filter>
    </ClCompile>
    <ClCompile Include="Camera.cpp">
      <Filter>Framework\Camera</Filter>
    </ClCompile>
    <ClCompile Include="TestScene.cpp">
      <Filter>Game</Filter>
    </ClCompile>
    <ClCompile Include="Sprite.cpp">
      <Filter>Framework\Sprite</Filter>
    </ClCompile>
    <ClCompile Include="Texture.cpp">
      <Filter>Framework\Texture</Filter>
    </ClCompile>
  </ItemGroup>
</Project>