
Microsoft Visual Studio Solution File, Format Version 12.00
# Visual Studio 15
VisualStudioVersion = 15.0.28307.645
MinimumVisualStudioVersion = 10.0.40219.1
Project("{8BC9CEB8-8B4A-11D0-8D11-00A0C91BC942}") = "SoftRenderer_Gom", "SoftRenderer_Gom\SoftRenderer_Gom.vcxproj", "{FCBE4DED-CF84-4727-A66C-840C49C9D37E}"
EndProject
Global
	GlobalSection(SolutionConfigurationPlatforms) = preSolution
		Debug|x64 = Debug|x64
		Debug|x86 = Debug|x86
		Release|x64 = Release|x64
		Release|x86 = Release|x86
	EndGlobalSection
	GlobalSection(ProjectConfigurationPlatforms) = postSolution
		{FCBE4DED-CF84-4727-A66C-840C49C9D37E}.Debug|x64.ActiveCfg = Debug|x64
		{FCBE4DED-CF84-4727-A66C-840C49C9D37E}.Debug|x64.Build.0 = Debug|x64
		{FCBE4DED-CF84-4727-A66C-840C49C9D37E}.Debug|x86.ActiveCfg = Debug|Win32
		{FCBE4DED-CF84-4727-A66C-840C49C9D37E}.Debug|x86.Build.0 = Debug|Win32
		{FCBE4DED-CF84-4727-A66C-840C49C9D37E}.Release|x64.ActiveCfg = Release|x64
		{FCBE4DED-CF84-4727-A66C-840C49C9D37E}.Release|x64.Build.0 = Release|x64
		{FCBE4DED-CF84-4727-A66C-840C49C9D37E}.Release|x86.ActiveCfg = Release|Win32
		{FCBE4DED-CF84-4727-A66C-840C49C9D37E}.Release|x86.Build.0 = Release|Win32
	EndGlobalSection
	GlobalSection(SolutionProperties) = preSolution
		HideSolutionNode = FALSE
	EndGlobalSection
	GlobalSection(ExtensibilityGlobals) = postSolution
		SolutionGuid = {BA622675-07F8-4CE6-9110-A83BC0D6CD58}
	EndGlobalSection
EndGlobal
